{
  "name": "sketch-manager",
  "version": "0.0.1",
  "lockfileVersion": 1,
  "requires": true,
  "dependencies": {
    "nano-http": {
      "version": "0.2.2",
      "resolved": "https://registry.npmjs.org/nano-http/-/nano-http-0.2.2.tgz",
      "integrity": "sha512-jyL8s+PI1Nd/ZzOYEczz2Ak2HUhj4C+vts8ibzQArE0rEjoE0VD3/4iCpy7A0RDEUgUPe4eBM2lzmg726IeHZA==",
      "requires": {
        "uWebSockets.js": "github:uNetworking/uWebSockets.js#v17.1.0"
      }
    },
    "uWebSockets.js": {
      "version": "github:uNetworking/uWebSockets.js#5b524b61b25c78325304a71f810dfdfaa7f5e5eb",
      "from": "github:uNetworking/uWebSockets.js#v17.1.0"
    }
  }
}
